
Microsoft Visual Studio Solution File, Format Version 12.00
# Visual Studio Version 17
VisualStudioVersion = 17.14.36221.1
MinimumVisualStudioVersion = 10.0.40219.1
Project("{FAE04EC0-301F-11D3-BF4B-00C04F79EFBC}") = "CsabaDu.DynamicTestData.SampleCodes.NUnit", "_NUnit\CsabaDu.DynamicTestData.SampleCodes.NUnit.csproj", "{41A63719-9089-4965-B64D-CCAD9D081DFF}"
EndProject
Project("{2150E333-8FDC-42A3-9474-1A3956D46DE8}") = "SampleCodes", "SampleCodes", "{02EA681E-C7D8-13C7-8484-4AC65E1B71E8}"
EndProject
Project("{2150E333-8FDC-42A3-9474-1A3956D46DE8}") = "_NUnit", "_NUnit", "{BDF54F19-BE52-478D-B318-FEB3CE78C154}"
EndProject
Project("{FAE04EC0-301F-11D3-BF4B-00C04F79EFBC}") = "CsabaDu.DynamicTestData.SampleCodes", "CsabaDu.DynamicTestData.SampleCodes.csproj", "{0494A440-54BB-A6B0-8CA4-3BC0557B5F32}"
EndProject
Project("{FAE04EC0-301F-11D3-BF4B-00C04F79EFBC}") = "CsabaDu.DynamicTestData.NUnit", "..\CsabaDu.DynamicTestData.NUnit\CsabaDu.DynamicTestData.NUnit.csproj", "{40B86727-701F-84AC-BFE1-64D854072D49}"
EndProject
Global
	GlobalSection(SolutionConfigurationPlatforms) = preSolution
		Debug|Any CPU = Debug|Any CPU
		Release|Any CPU = Release|Any CPU
	EndGlobalSection
	GlobalSection(ProjectConfigurationPlatforms) = postSolution
		{41A63719-9089-4965-B64D-CCAD9D081DFF}.Debug|Any CPU.ActiveCfg = Debug|Any CPU
		{41A63719-9089-4965-B64D-CCAD9D081DFF}.Debug|Any CPU.Build.0 = Debug|Any CPU
		{41A63719-9089-4965-B64D-CCAD9D081DFF}.Release|Any CPU.ActiveCfg = Release|Any CPU
		{41A63719-9089-4965-B64D-CCAD9D081DFF}.Release|Any CPU.Build.0 = Release|Any CPU
		{0494A440-54BB-A6B0-8CA4-3BC0557B5F32}.Debug|Any CPU.ActiveCfg = Debug|Any CPU
		{0494A440-54BB-A6B0-8CA4-3BC0557B5F32}.Debug|Any CPU.Build.0 = Debug|Any CPU
		{0494A440-54BB-A6B0-8CA4-3BC0557B5F32}.Release|Any CPU.ActiveCfg = Release|Any CPU
		{0494A440-54BB-A6B0-8CA4-3BC0557B5F32}.Release|Any CPU.Build.0 = Release|Any CPU
		{40B86727-701F-84AC-BFE1-64D854072D49}.Debug|Any CPU.ActiveCfg = Debug|Any CPU
		{40B86727-701F-84AC-BFE1-64D854072D49}.Debug|Any CPU.Build.0 = Debug|Any CPU
		{40B86727-701F-84AC-BFE1-64D854072D49}.Release|Any CPU.ActiveCfg = Release|Any CPU
		{40B86727-701F-84AC-BFE1-64D854072D49}.Release|Any CPU.Build.0 = Release|Any CPU
	EndGlobalSection
	GlobalSection(SolutionProperties) = preSolution
		HideSolutionNode = FALSE
	EndGlobalSection
	GlobalSection(NestedProjects) = preSolution
		{41A63719-9089-4965-B64D-CCAD9D081DFF} = {BDF54F19-BE52-478D-B318-FEB3CE78C154}
		{BDF54F19-BE52-478D-B318-FEB3CE78C154} = {02EA681E-C7D8-13C7-8484-4AC65E1B71E8}
		{0494A440-54BB-A6B0-8CA4-3BC0557B5F32} = {02EA681E-C7D8-13C7-8484-4AC65E1B71E8}
	EndGlobalSection
	GlobalSection(ExtensibilityGlobals) = postSolution
		SolutionGuid = {719B9881-16C9-4D10-A186-F9D954C4518C}
	EndGlobalSection
EndGlobal
