
Microsoft Visual Studio Solution File, Format Version 12.00
# Visual Studio Version 17
VisualStudioVersion = 17.14.36221.1
MinimumVisualStudioVersion = 10.0.40219.1
Project("{FAE04EC0-301F-11D3-BF4B-00C04F79EFBC}") = "CsabaDu.DynamicTestData.SampleCodes.MSTest", "_MSTest\CsabaDu.DynamicTestData.SampleCodes.MSTest.csproj", "{2623416E-737A-43A6-BA91-14215D541C53}"
EndProject
Project("{2150E333-8FDC-42A3-9474-1A3956D46DE8}") = "SampleCodes", "SampleCodes", "{02EA681E-C7D8-13C7-8484-4AC65E1B71E8}"
EndProject
Project("{2150E333-8FDC-42A3-9474-1A3956D46DE8}") = "_MSTest", "_MSTest", "{0E35DD4E-21AB-4651-A9AF-0B23954EF324}"
EndProject
Project("{FAE04EC0-301F-11D3-BF4B-00C04F79EFBC}") = "CsabaDu.DynamicTestData.SampleCodes", "CsabaDu.DynamicTestData.SampleCodes.csproj", "{0494A440-54BB-A6B0-8CA4-3BC0557B5F32}"
EndProject
Project("{FAE04EC0-301F-11D3-BF4B-00C04F79EFBC}") = "CsabaDu.DynamicTestData", "..\CsabaDu.DynamicTestData\CsabaDu.DynamicTestData.csproj", "{6C561A01-6991-8795-1D07-94D123B63E82}"
EndProject
Global
	GlobalSection(SolutionConfigurationPlatforms) = preSolution
		Debug|Any CPU = Debug|Any CPU
		Release|Any CPU = Release|Any CPU
	EndGlobalSection
	GlobalSection(ProjectConfigurationPlatforms) = postSolution
		{2623416E-737A-43A6-BA91-14215D541C53}.Debug|Any CPU.ActiveCfg = Debug|Any CPU
		{2623416E-737A-43A6-BA91-14215D541C53}.Debug|Any CPU.Build.0 = Debug|Any CPU
		{2623416E-737A-43A6-BA91-14215D541C53}.Release|Any CPU.ActiveCfg = Release|Any CPU
		{2623416E-737A-43A6-BA91-14215D541C53}.Release|Any CPU.Build.0 = Release|Any CPU
		{0494A440-54BB-A6B0-8CA4-3BC0557B5F32}.Debug|Any CPU.ActiveCfg = Debug|Any CPU
		{0494A440-54BB-A6B0-8CA4-3BC0557B5F32}.Debug|Any CPU.Build.0 = Debug|Any CPU
		{0494A440-54BB-A6B0-8CA4-3BC0557B5F32}.Release|Any CPU.ActiveCfg = Release|Any CPU
		{0494A440-54BB-A6B0-8CA4-3BC0557B5F32}.Release|Any CPU.Build.0 = Release|Any CPU
		{6C561A01-6991-8795-1D07-94D123B63E82}.Debug|Any CPU.ActiveCfg = Debug|Any CPU
		{6C561A01-6991-8795-1D07-94D123B63E82}.Debug|Any CPU.Build.0 = Debug|Any CPU
		{6C561A01-6991-8795-1D07-94D123B63E82}.Release|Any CPU.ActiveCfg = Release|Any CPU
		{6C561A01-6991-8795-1D07-94D123B63E82}.Release|Any CPU.Build.0 = Release|Any CPU
	EndGlobalSection
	GlobalSection(SolutionProperties) = preSolution
		HideSolutionNode = FALSE
	EndGlobalSection
	GlobalSection(NestedProjects) = preSolution
		{2623416E-737A-43A6-BA91-14215D541C53} = {0E35DD4E-21AB-4651-A9AF-0B23954EF324}
		{0E35DD4E-21AB-4651-A9AF-0B23954EF324} = {02EA681E-C7D8-13C7-8484-4AC65E1B71E8}
		{0494A440-54BB-A6B0-8CA4-3BC0557B5F32} = {02EA681E-C7D8-13C7-8484-4AC65E1B71E8}
	EndGlobalSection
	GlobalSection(ExtensibilityGlobals) = postSolution
		SolutionGuid = {E3DDF299-B500-441D-851A-9F8F3BECC3BC}
	EndGlobalSection
EndGlobal
