
Microsoft Visual Studio Solution File, Format Version 12.00
# Visual Studio Version 17
VisualStudioVersion = 17.13.35931.197 d17.13
MinimumVisualStudioVersion = 10.0.40219.1
Project("{FAE04EC0-301F-11D3-BF4B-00C04F79EFBC}") = "CsabaDu.DynamicTestData.SampleCodes.xUnit.v3", "_xUnit.v3\CsabaDu.DynamicTestData.SampleCodes.xUnit.v3.csproj", "{B343C1AD-8B2F-7ACF-EDD8-66C34E42B21A}"
EndProject
Project("{FAE04EC0-301F-11D3-BF4B-00C04F79EFBC}") = "CsabaDu.DynamicTestData.xUnit.v3", "..\CsabaDu.DynamicTestData.xUnit.v3\CsabaDu.DynamicTestData.xUnit.v3.csproj", "{5FFACE65-057B-9F8C-9D15-0E018684D407}"
EndProject
Project("{FAE04EC0-301F-11D3-BF4B-00C04F79EFBC}") = "CsabaDu.DynamicTestData.SampleCodes", "CsabaDu.DynamicTestData.SampleCodes.csproj", "{7D186538-81B2-7F70-4459-F449299DE616}"
EndProject
Global
	GlobalSection(SolutionConfigurationPlatforms) = preSolution
		Debug|Any CPU = Debug|Any CPU
		Release|Any CPU = Release|Any CPU
	EndGlobalSection
	GlobalSection(ProjectConfigurationPlatforms) = postSolution
		{B343C1AD-8B2F-7ACF-EDD8-66C34E42B21A}.Debug|Any CPU.ActiveCfg = Debug|Any CPU
		{B343C1AD-8B2F-7ACF-EDD8-66C34E42B21A}.Debug|Any CPU.Build.0 = Debug|Any CPU
		{B343C1AD-8B2F-7ACF-EDD8-66C34E42B21A}.Release|Any CPU.ActiveCfg = Release|Any CPU
		{B343C1AD-8B2F-7ACF-EDD8-66C34E42B21A}.Release|Any CPU.Build.0 = Release|Any CPU
		{5FFACE65-057B-9F8C-9D15-0E018684D407}.Debug|Any CPU.ActiveCfg = Debug|Any CPU
		{5FFACE65-057B-9F8C-9D15-0E018684D407}.Debug|Any CPU.Build.0 = Debug|Any CPU
		{5FFACE65-057B-9F8C-9D15-0E018684D407}.Release|Any CPU.ActiveCfg = Release|Any CPU
		{5FFACE65-057B-9F8C-9D15-0E018684D407}.Release|Any CPU.Build.0 = Release|Any CPU
		{7D186538-81B2-7F70-4459-F449299DE616}.Debug|Any CPU.ActiveCfg = Debug|Any CPU
		{7D186538-81B2-7F70-4459-F449299DE616}.Debug|Any CPU.Build.0 = Debug|Any CPU
		{7D186538-81B2-7F70-4459-F449299DE616}.Release|Any CPU.ActiveCfg = Release|Any CPU
		{7D186538-81B2-7F70-4459-F449299DE616}.Release|Any CPU.Build.0 = Release|Any CPU
	EndGlobalSection
	GlobalSection(SolutionProperties) = preSolution
		HideSolutionNode = FALSE
	EndGlobalSection
	GlobalSection(ExtensibilityGlobals) = postSolution
		SolutionGuid = {98BF57F0-1E18-4715-878C-8444C6BA1363}
	EndGlobalSection
EndGlobal
